
Microsoft Visual Studio Solution File, Format Version 12.00
# Visual Studio 15
VisualStudioVersion = 15.0.27703.2026
MinimumVisualStudioVersion = 10.0.40219.1
Project("{888888A0-9F3D-457C-B088-3A5042F75D52}") = "Brython", "Brython\Brython.pyproj", "{B6CF0A8F-BC92-457F-864D-6BB6714E19FE}"
EndProject
Global
	GlobalSection(SolutionConfigurationPlatforms) = preSolution
		Debug|Any CPU = Debug|Any CPU
		Release|Any CPU = Release|Any CPU
	EndGlobalSection
	GlobalSection(ProjectConfigurationPlatforms) = postSolution
		{B6CF0A8F-BC92-457F-864D-6BB6714E19FE}.Debug|Any CPU.ActiveCfg = Debug|Any CPU
		{B6CF0A8F-BC92-457F-864D-6BB6714E19FE}.Release|Any CPU.ActiveCfg = Release|Any CPU
	EndGlobalSection
	GlobalSection(SolutionProperties) = preSolution
		HideSolutionNode = FALSE
	EndGlobalSection
	GlobalSection(ExtensibilityGlobals) = postSolution
		SolutionGuid = {5A9450EB-48A6-4F90-9A1E-98E67B5291B1}
	EndGlobalSection
EndGlobal
